
Microsoft Visual Studio Solution File, Format Version 12.00
# Visual Studio Version 17
VisualStudioVersion = 17.7.34009.444
MinimumVisualStudioVersion = 10.0.40219.1
Project("{FAE04EC0-301F-11D3-BF4B-00C04F79EFBC}") = "Api", "InventarioApi\Api.csproj", "{A3EFE3FD-A3E2-4BDB-B01C-75675D8BCA2F}"
EndProject
Project("{FAE04EC0-301F-11D3-BF4B-00C04F79EFBC}") = "CoreInventario", "InventarioCore\CoreInventario.csproj", "{20C99E05-E89F-4D5E-A655-8DF97531A399}"
EndProject
Project("{FAE04EC0-301F-11D3-BF4B-00C04F79EFBC}") = "Infraestructure", "Infraestructure\Infraestructure.csproj", "{0195FFF9-9FAB-40E9-8F4D-1F07D0DAA848}"
EndProject
Project("{FAE04EC0-301F-11D3-BF4B-00C04F79EFBC}") = "Persistance", "Persistance\Persistance.csproj", "{12D94312-4D19-4788-88FD-2D15BA4804D8}"
EndProject
Global
	GlobalSection(SolutionConfigurationPlatforms) = preSolution
		Debug|Any CPU = Debug|Any CPU
		Release|Any CPU = Release|Any CPU
	EndGlobalSection
	GlobalSection(ProjectConfigurationPlatforms) = postSolution
		{A3EFE3FD-A3E2-4BDB-B01C-75675D8BCA2F}.Debug|Any CPU.ActiveCfg = Debug|Any CPU
		{A3EFE3FD-A3E2-4BDB-B01C-75675D8BCA2F}.Debug|Any CPU.Build.0 = Debug|Any CPU
		{A3EFE3FD-A3E2-4BDB-B01C-75675D8BCA2F}.Release|Any CPU.ActiveCfg = Release|Any CPU
		{A3EFE3FD-A3E2-4BDB-B01C-75675D8BCA2F}.Release|Any CPU.Build.0 = Release|Any CPU
		{20C99E05-E89F-4D5E-A655-8DF97531A399}.Debug|Any CPU.ActiveCfg = Debug|Any CPU
		{20C99E05-E89F-4D5E-A655-8DF97531A399}.Debug|Any CPU.Build.0 = Debug|Any CPU
		{20C99E05-E89F-4D5E-A655-8DF97531A399}.Release|Any CPU.ActiveCfg = Release|Any CPU
		{20C99E05-E89F-4D5E-A655-8DF97531A399}.Release|Any CPU.Build.0 = Release|Any CPU
		{0195FFF9-9FAB-40E9-8F4D-1F07D0DAA848}.Debug|Any CPU.ActiveCfg = Debug|Any CPU
		{0195FFF9-9FAB-40E9-8F4D-1F07D0DAA848}.Debug|Any CPU.Build.0 = Debug|Any CPU
		{0195FFF9-9FAB-40E9-8F4D-1F07D0DAA848}.Release|Any CPU.ActiveCfg = Release|Any CPU
		{0195FFF9-9FAB-40E9-8F4D-1F07D0DAA848}.Release|Any CPU.Build.0 = Release|Any CPU
		{12D94312-4D19-4788-88FD-2D15BA4804D8}.Debug|Any CPU.ActiveCfg = Debug|Any CPU
		{12D94312-4D19-4788-88FD-2D15BA4804D8}.Debug|Any CPU.Build.0 = Debug|Any CPU
		{12D94312-4D19-4788-88FD-2D15BA4804D8}.Release|Any CPU.ActiveCfg = Release|Any CPU
		{12D94312-4D19-4788-88FD-2D15BA4804D8}.Release|Any CPU.Build.0 = Release|Any CPU
	EndGlobalSection
	GlobalSection(SolutionProperties) = preSolution
		HideSolutionNode = FALSE
	EndGlobalSection
	GlobalSection(ExtensibilityGlobals) = postSolution
		SolutionGuid = {16392AE6-A407-413B-B685-C1F325CB7378}
	EndGlobalSection
EndGlobal
